
Microsoft Visual Studio Solution File, Format Version 12.00
# Visual Studio Version 17
VisualStudioVersion = 17.11.35312.102
MinimumVisualStudioVersion = 10.0.40219.1
Project("{FAE04EC0-301F-11D3-BF4B-00C04F79EFBC}") = "JapaneseLearningApp", "JapaneseLearningApp\JapaneseLearningApp.csproj", "{BA19A2BE-7D5D-4D73-8D94-2CA3C279ED82}"
EndProject
Project("{2150E333-8FDC-42A3-9474-1A3956D46DE8}") = "user", "user", "{30769B6F-7407-4A8E-9BE7-0B66012DC910}"
EndProject
Global
	GlobalSection(SolutionConfigurationPlatforms) = preSolution
		Debug|Any CPU = Debug|Any CPU
		Release|Any CPU = Release|Any CPU
	EndGlobalSection
	GlobalSection(ProjectConfigurationPlatforms) = postSolution
		{BA19A2BE-7D5D-4D73-8D94-2CA3C279ED82}.Debug|Any CPU.ActiveCfg = Debug|Any CPU
		{BA19A2BE-7D5D-4D73-8D94-2CA3C279ED82}.Debug|Any CPU.Build.0 = Debug|Any CPU
		{BA19A2BE-7D5D-4D73-8D94-2CA3C279ED82}.Release|Any CPU.ActiveCfg = Release|Any CPU
		{BA19A2BE-7D5D-4D73-8D94-2CA3C279ED82}.Release|Any CPU.Build.0 = Release|Any CPU
	EndGlobalSection
	GlobalSection(SolutionProperties) = preSolution
		HideSolutionNode = FALSE
	EndGlobalSection
	GlobalSection(ExtensibilityGlobals) = postSolution
		SolutionGuid = {FF290C8C-BD57-4626-98D3-24F6F1ABB966}
	EndGlobalSection
EndGlobal
